wake_up:
  sequence:
    #- service: scene.turn_on
    #  entity_id: scene.morning_lights
    - service: light.turn_on
      data_template:
        entity_id: light.stairs_light_level
        brightness: '{{ states.sensor.time_brightness.state|int }}'
    - service: notify.homepird3scom_html5_robert_phone
      data:
        message: "Good morning! Today: {{ states('sensor.pws_weather_1d') }}, tempatures ranging {{ states('sensor.pws_temp_low_1d_f') }} - {{ states('sensor.pws_temp_high_1d_f') }}°f  Now: {{ states('sensor.pws_temp_f') }}°f"

